
Microsoft Visual Studio Solution File, Format Version 12.00
Project("{FAE04EC0-301F-11D3-BF4B-00C04F79EFBC}") = "proiectCFLP", "proiectCFLP.csproj", "{AA027F6F-6A51-47B4-B1CE-9BB3B6DAD1E1}"
EndProject
Global
	GlobalSection(SolutionConfigurationPlatforms) = preSolution
		Debug|Any CPU = Debug|Any CPU
		Release|Any CPU = Release|Any CPU
	EndGlobalSection
	GlobalSection(ProjectConfigurationPlatforms) = postSolution
		{AA027F6F-6A51-47B4-B1CE-9BB3B6DAD1E1}.Debug|Any CPU.ActiveCfg = Debug|Any CPU
		{AA027F6F-6A51-47B4-B1CE-9BB3B6DAD1E1}.Debug|Any CPU.Build.0 = Debug|Any CPU
		{AA027F6F-6A51-47B4-B1CE-9BB3B6DAD1E1}.Release|Any CPU.ActiveCfg = Release|Any CPU
		{AA027F6F-6A51-47B4-B1CE-9BB3B6DAD1E1}.Release|Any CPU.Build.0 = Release|Any CPU
	EndGlobalSection
EndGlobal
